
Microsoft Visual Studio Solution File, Format Version 12.00
Project("{FAE04EC0-301F-11D3-BF4B-00C04F79EFBC}") = "Friday.ERP.Server", "Friday.ERP.Server\Friday.ERP.Server.csproj", "{69AB364F-2481-464B-A73D-8D509B5EB9C2}"
EndProject
Project("{FAE04EC0-301F-11D3-BF4B-00C04F79EFBC}") = "Friday.ERP.Core", "Friday.ERP.Core\Friday.ERP.Core.csproj", "{8FBD2EF0-7C48-4AE9-9A01-369E8F7D60E5}"
EndProject
Project("{FAE04EC0-301F-11D3-BF4B-00C04F79EFBC}") = "Friday.ERP.Infrastructure", "Friday.ERP.Infrastructure\Friday.ERP.Infrastructure.csproj", "{C4FF0DE0-89DC-4901-B49F-A7256E137BF1}"
EndProject
Global
	GlobalSection(SolutionConfigurationPlatforms) = preSolution
		Debug|Any CPU = Debug|Any CPU
		Release|Any CPU = Release|Any CPU
	EndGlobalSection
	GlobalSection(ProjectConfigurationPlatforms) = postSolution
		{69AB364F-2481-464B-A73D-8D509B5EB9C2}.Debug|Any CPU.ActiveCfg = Debug|Any CPU
		{69AB364F-2481-464B-A73D-8D509B5EB9C2}.Debug|Any CPU.Build.0 = Debug|Any CPU
		{69AB364F-2481-464B-A73D-8D509B5EB9C2}.Release|Any CPU.ActiveCfg = Release|Any CPU
		{69AB364F-2481-464B-A73D-8D509B5EB9C2}.Release|Any CPU.Build.0 = Release|Any CPU
		{8FBD2EF0-7C48-4AE9-9A01-369E8F7D60E5}.Debug|Any CPU.ActiveCfg = Debug|Any CPU
		{8FBD2EF0-7C48-4AE9-9A01-369E8F7D60E5}.Debug|Any CPU.Build.0 = Debug|Any CPU
		{8FBD2EF0-7C48-4AE9-9A01-369E8F7D60E5}.Release|Any CPU.ActiveCfg = Release|Any CPU
		{8FBD2EF0-7C48-4AE9-9A01-369E8F7D60E5}.Release|Any CPU.Build.0 = Release|Any CPU
		{C4FF0DE0-89DC-4901-B49F-A7256E137BF1}.Debug|Any CPU.ActiveCfg = Debug|Any CPU
		{C4FF0DE0-89DC-4901-B49F-A7256E137BF1}.Debug|Any CPU.Build.0 = Debug|Any CPU
		{C4FF0DE0-89DC-4901-B49F-A7256E137BF1}.Release|Any CPU.ActiveCfg = Release|Any CPU
		{C4FF0DE0-89DC-4901-B49F-A7256E137BF1}.Release|Any CPU.Build.0 = Release|Any CPU
	EndGlobalSection
EndGlobal
